
Microsoft Visual Studio Solution File, Format Version 12.00
# Visual Studio Version 17
VisualStudioVersion = 17.3.32929.385
MinimumVisualStudioVersion = 10.0.40219.1
Project("{FAE04EC0-301F-11D3-BF4B-00C04F79EFBC}") = "ReadEmail", "ReadEmailDemo\ReadEmail.csproj", "{AA1AC193-B257-413B-9184-EDFBD68D85F7}"
EndProject
Project("{9A19103F-16F7-4668-BE54-9A1E7A4F7556}") = "SendEmail", "SendEmail\SendEmail.csproj", "{22ECBD3E-1E6E-4E48-A922-7DAF784E935C}"
EndProject
Global
	GlobalSection(SolutionConfigurationPlatforms) = preSolution
		Debug|Any CPU = Debug|Any CPU
		Release|Any CPU = Release|Any CPU
	EndGlobalSection
	GlobalSection(ProjectConfigurationPlatforms) = postSolution
		{AA1AC193-B257-413B-9184-EDFBD68D85F7}.Debug|Any CPU.ActiveCfg = Debug|Any CPU
		{AA1AC193-B257-413B-9184-EDFBD68D85F7}.Debug|Any CPU.Build.0 = Debug|Any CPU
		{AA1AC193-B257-413B-9184-EDFBD68D85F7}.Release|Any CPU.ActiveCfg = Release|Any CPU
		{AA1AC193-B257-413B-9184-EDFBD68D85F7}.Release|Any CPU.Build.0 = Release|Any CPU
		{22ECBD3E-1E6E-4E48-A922-7DAF784E935C}.Debug|Any CPU.ActiveCfg = Debug|Any CPU
		{22ECBD3E-1E6E-4E48-A922-7DAF784E935C}.Debug|Any CPU.Build.0 = Debug|Any CPU
		{22ECBD3E-1E6E-4E48-A922-7DAF784E935C}.Release|Any CPU.ActiveCfg = Release|Any CPU
		{22ECBD3E-1E6E-4E48-A922-7DAF784E935C}.Release|Any CPU.Build.0 = Release|Any CPU
	EndGlobalSection
	GlobalSection(SolutionProperties) = preSolution
		HideSolutionNode = FALSE
	EndGlobalSection
	GlobalSection(ExtensibilityGlobals) = postSolution
		SolutionGuid = {D1F1278A-E0EE-4DD5-BF04-EBB51ED1C9B1}
	EndGlobalSection
EndGlobal
