
Microsoft Visual Studio Solution File, Format Version 12.00
# Visual Studio Version 17
VisualStudioVersion = 17.5.002.0
MinimumVisualStudioVersion = 10.0.40219.1
Project("{9A19103F-16F7-4668-BE54-9A1E7A4F7556}") = "readmail", "readmail.csproj", "{C07F6ACC-319E-4FF6-B71F-457D4FF1D386}"
EndProject
Global
	GlobalSection(SolutionConfigurationPlatforms) = preSolution
		Debug|Any CPU = Debug|Any CPU
		Release|Any CPU = Release|Any CPU
	EndGlobalSection
	GlobalSection(ProjectConfigurationPlatforms) = postSolution
		{C07F6ACC-319E-4FF6-B71F-457D4FF1D386}.Debug|Any CPU.ActiveCfg = Debug|Any CPU
		{C07F6ACC-319E-4FF6-B71F-457D4FF1D386}.Debug|Any CPU.Build.0 = Debug|Any CPU
		{C07F6ACC-319E-4FF6-B71F-457D4FF1D386}.Release|Any CPU.ActiveCfg = Release|Any CPU
		{C07F6ACC-319E-4FF6-B71F-457D4FF1D386}.Release|Any CPU.Build.0 = Release|Any CPU
	EndGlobalSection
	GlobalSection(SolutionProperties) = preSolution
		HideSolutionNode = FALSE
	EndGlobalSection
	GlobalSection(ExtensibilityGlobals) = postSolution
		SolutionGuid = {0E0BB0E3-1415-4FED-A754-115BDA6F9A0A}
	EndGlobalSection
EndGlobal
