
Microsoft Visual Studio Solution File, Format Version 12.00
# Visual Studio Version 17
VisualStudioVersion = 17.11.35327.3
MinimumVisualStudioVersion = 10.0.40219.1
Project("{FAE04EC0-301F-11D3-BF4B-00C04F79EFBC}") = "SendEmail", "SendEmail\SendEmail.csproj", "{5E293ED5-5291-453C-8867-8F3FB55A3ADA}"
EndProject
Global
	GlobalSection(SolutionConfigurationPlatforms) = preSolution
		Debug|Any CPU = Debug|Any CPU
		Release|Any CPU = Release|Any CPU
	EndGlobalSection
	GlobalSection(ProjectConfigurationPlatforms) = postSolution
		{5E293ED5-5291-453C-8867-8F3FB55A3ADA}.Debug|Any CPU.ActiveCfg = Debug|Any CPU
		{5E293ED5-5291-453C-8867-8F3FB55A3ADA}.Debug|Any CPU.Build.0 = Debug|Any CPU
		{5E293ED5-5291-453C-8867-8F3FB55A3ADA}.Release|Any CPU.ActiveCfg = Release|Any CPU
		{5E293ED5-5291-453C-8867-8F3FB55A3ADA}.Release|Any CPU.Build.0 = Release|Any CPU
	EndGlobalSection
	GlobalSection(SolutionProperties) = preSolution
		HideSolutionNode = FALSE
	EndGlobalSection
	GlobalSection(ExtensibilityGlobals) = postSolution
		SolutionGuid = {E64B7067-4A22-443B-A21B-4373271329DD}
	EndGlobalSection
EndGlobal
